// !$*UTF8*$!
{
	archiveVersion = 1;
	classes = {
	};
	objectVersion = 46;
	objects = {

/* Begin PBXBuildFile section */
		442F913645035D857B5BEBF3 /* Pods_MyReminderUITests.framework in Frameworks */ = {isa = PBXBuildFile; fileRef = 0CDBCAEA470D00BF0DF53220 /* Pods_MyReminderUITests.framework */; };
		755C5273FB7065C3A0247A98 /* Pods_MyReminder.framework in Frameworks */ = {isa = PBXBuildFile; fileRef = 8769F29A5B85760CEF6E2692 /* Pods_MyReminder.framework */; };
		848038DF1DC8874400935D3E /* Assets.xcassets in Resources */ = {isa = PBXBuildFile; fileRef = 848038DE1DC8874400935D3E /* Assets.xcassets */; };
		848038E21DC8874400935D3E /* LaunchScreen.storyboard in Resources */ = {isa = PBXBuildFile; fileRef = 848038E01DC8874400935D3E /* LaunchScreen.storyboard */; };
		848038ED1DC8874400935D3E /* MyReminderTests.swift in Sources */ = {isa = PBXBuildFile; fileRef = 848038EC1DC8874400935D3E /* MyReminderTests.swift */; };
		848038F81DC8874400935D3E /* MyReminderUITests.swift in Sources */ = {isa = PBXBuildFile; fileRef = 848038F71DC8874400935D3E /* MyReminderUITests.swift */; };
		848039061DC88A3E00935D3E /* GoogleService-Info.plist in Resources */ = {isa = PBXBuildFile; fileRef = 848039051DC88A3E00935D3E /* GoogleService-Info.plist */; };
		848039231DC88EA000935D3E /* AppDelegate.swift in Sources */ = {isa = PBXBuildFile; fileRef = 848039091DC88EA000935D3E /* AppDelegate.swift */; };
		848039241DC88EA000935D3E /* Common.swift in Sources */ = {isa = PBXBuildFile; fileRef = 8480390C1DC88EA000935D3E /* Common.swift */; };
		848039251DC88EA000935D3E /* Define.swift in Sources */ = {isa = PBXBuildFile; fileRef = 8480390D1DC88EA000935D3E /* Define.swift */; };
		848039261DC88EA000935D3E /* Helpers.swift in Sources */ = {isa = PBXBuildFile; fileRef = 8480390E1DC88EA000935D3E /* Helpers.swift */; };
		848039271DC88EA000935D3E /* Message.swift in Sources */ = {isa = PBXBuildFile; fileRef = 8480390F1DC88EA000935D3E /* Message.swift */; };
		848039281DC88EA000935D3E /* MyReminder.xcdatamodeld in Sources */ = {isa = PBXBuildFile; fileRef = 848039131DC88EA000935D3E /* MyReminder.xcdatamodeld */; };
		848039291DC88EA000935D3E /* GGNavigationController.swift in Sources */ = {isa = PBXBuildFile; fileRef = 8480391B1DC88EA000935D3E /* GGNavigationController.swift */; };
		8480392A1DC88EA000935D3E /* GGParentVC.swift in Sources */ = {isa = PBXBuildFile; fileRef = 8480391D1DC88EA000935D3E /* GGParentVC.swift */; };
		8480392B1DC88EA000935D3E /* GGTabbarParentVC.swift in Sources */ = {isa = PBXBuildFile; fileRef = 8480391F1DC88EA000935D3E /* GGTabbarParentVC.swift */; };
		DA7EF86ECE90F514CF5F6F02 /* Pods_MyReminderTests.framework in Frameworks */ = {isa = PBXBuildFile; fileRef = A72735DFAB8DD9CC58585B78 /* Pods_MyReminderTests.framework */; };
/* End PBXBuildFile section */

/* Begin PBXContainerItemProxy section */
		848038E91DC8874400935D3E /* PBXContainerItemProxy */ = {
			isa = PBXContainerItemProxy;
			containerPortal = 848038C91DC8874300935D3E /* Project object */;
			proxyType = 1;
			remoteGlobalIDString = 848038D01DC8874300935D3E;
			remoteInfo = MyReminder;
		};
		848038F41DC8874400935D3E /* PBXContainerItemProxy */ = {
			isa = PBXContainerItemProxy;
			containerPortal = 848038C91DC8874300935D3E /* Project object */;
			proxyType = 1;
			remoteGlobalIDString = 848038D01DC8874300935D3E;
			remoteInfo = MyReminder;
		};
/* End PBXContainerItemProxy section */

/* Begin PBXFileReference section */
		0CDBCAEA470D00BF0DF53220 /* Pods_MyReminderUITests.framework */ = {isa = PBXFileReference; explicitFileType = wrapper.framework; includeInIndex = 0; path = Pods_MyReminderUITests.framework; sourceTree = BUILT_PRODUCTS_DIR; };
		32AE9CDDF5616CC7887E4EDC /* Pods-MyReminderUITests.debug.xcconfig */ = {isa = PBXFileReference; includeInIndex = 1; lastKnownFileType = text.xcconfig; name = "Pods-MyReminderUITests.debug.xcconfig"; path = "Pods/Target Support Files/Pods-MyReminderUITests/Pods-MyReminderUITests.debug.xcconfig"; sourceTree = "<group>"; };
		6D8E4DF6A7BC9515090FF926 /* Pods-MyReminder.release.xcconfig */ = {isa = PBXFileReference; includeInIndex = 1; lastKnownFileType = text.xcconfig; name = "Pods-MyReminder.release.xcconfig"; path = "Pods/Target Support Files/Pods-MyReminder/Pods-MyReminder.release.xcconfig"; sourceTree = "<group>"; };
		7F09E08B535D5236AB717A6E /* Pods-MyReminderTests.debug.xcconfig */ = {isa = PBXFileReference; includeInIndex = 1; lastKnownFileType = text.xcconfig; name = "Pods-MyReminderTests.debug.xcconfig"; path = "Pods/Target Support Files/Pods-MyReminderTests/Pods-MyReminderTests.debug.xcconfig"; sourceTree = "<group>"; };
		848038D11DC8874300935D3E /* MyReminder.app */ = {isa = PBXFileReference; explicitFileType = wrapper.application; includeInIndex = 0; path = MyReminder.app; sourceTree = BUILT_PRODUCTS_DIR; };
		848038DE1DC8874400935D3E /* Assets.xcassets */ = {isa = PBXFileReference; lastKnownFileType = folder.assetcatalog; path = Assets.xcassets; sourceTree = "<group>"; };
		848038E11DC8874400935D3E /* Base */ = {isa = PBXFileReference; lastKnownFileType = file.storyboard; name = Base; path = Base.lproj/LaunchScreen.storyboard; sourceTree = "<group>"; };
		848038E31DC8874400935D3E /* Info.plist */ = {isa = PBXFileReference; lastKnownFileType = text.plist.xml; path = Info.plist; sourceTree = "<group>"; };
		848038E81DC8874400935D3E /* MyReminderTests.xctest */ = {isa = PBXFileReference; explicitFileType = wrapper.cfbundle; includeInIndex = 0; path = MyReminderTests.xctest; sourceTree = BUILT_PRODUCTS_DIR; };
		848038EC1DC8874400935D3E /* MyReminderTests.swift */ = {isa = PBXFileReference; lastKnownFileType = sourcecode.swift; path = MyReminderTests.swift; sourceTree = "<group>"; };
		848038EE1DC8874400935D3E /* Info.plist */ = {isa = PBXFileReference; lastKnownFileType = text.plist.xml; path = Info.plist; sourceTree = "<group>"; };
		848038F31DC8874400935D3E /* MyReminderUITests.xctest */ = {isa = PBXFileReference; explicitFileType = wrapper.cfbundle; includeInIndex = 0; path = MyReminderUITests.xctest; sourceTree = BUILT_PRODUCTS_DIR; };
		848038F71DC8874400935D3E /* MyReminderUITests.swift */ = {isa = PBXFileReference; lastKnownFileType = sourcecode.swift; path = MyReminderUITests.swift; sourceTree = "<group>"; };
		848038F91DC8874400935D3E /* Info.plist */ = {isa = PBXFileReference; lastKnownFileType = text.plist.xml; path = Info.plist; sourceTree = "<group>"; };
		848039051DC88A3E00935D3E /* GoogleService-Info.plist */ = {isa = PBXFileReference; fileEncoding = 4; lastKnownFileType = text.plist.xml; path = "GoogleService-Info.plist"; sourceTree = "<group>"; };
		848039091DC88EA000935D3E /* AppDelegate.swift */ = {isa = PBXFileReference; fileEncoding = 4; lastKnownFileType = sourcecode.swift; path = AppDelegate.swift; sourceTree = "<group>"; };
		8480390C1DC88EA000935D3E /* Common.swift */ = {isa = PBXFileReference; fileEncoding = 4; lastKnownFileType = sourcecode.swift; path = Common.swift; sourceTree = "<group>"; };
		8480390D1DC88EA000935D3E /* Define.swift */ = {isa = PBXFileReference; fileEncoding = 4; lastKnownFileType = sourcecode.swift; path = Define.swift; sourceTree = "<group>"; };
		8480390E1DC88EA000935D3E /* Helpers.swift */ = {isa = PBXFileReference; fileEncoding = 4; lastKnownFileType = sourcecode.swift; path = Helpers.swift; sourceTree = "<group>"; };
		8480390F1DC88EA000935D3E /* Message.swift */ = {isa = PBXFileReference; fileEncoding = 4; lastKnownFileType = sourcecode.swift; path = Message.swift; sourceTree = "<group>"; };
		848039141DC88EA000935D3E /* MyReminder.xcdatamodel */ = {isa = PBXFileReference; lastKnownFileType = wrapper.xcdatamodel; path = MyReminder.xcdatamodel; sourceTree = "<group>"; };
		8480391B1DC88EA000935D3E /* GGNavigationController.swift */ = {isa = PBXFileReference; fileEncoding = 4; lastKnownFileType = sourcecode.swift; path = GGNavigationController.swift; sourceTree = "<group>"; };
		8480391D1DC88EA000935D3E /* GGParentVC.swift */ = {isa = PBXFileReference; fileEncoding = 4; lastKnownFileType = sourcecode.swift; path = GGParentVC.swift; sourceTree = "<group>"; };
		8480391F1DC88EA000935D3E /* GGTabbarParentVC.swift */ = {isa = PBXFileReference; fileEncoding = 4; lastKnownFileType = sourcecode.swift; path = GGTabbarParentVC.swift; sourceTree = "<group>"; };
		8769F29A5B85760CEF6E2692 /* Pods_MyReminder.framework */ = {isa = PBXFileReference; explicitFileType = wrapper.framework; includeInIndex = 0; path = Pods_MyReminder.framework; sourceTree = BUILT_PRODUCTS_DIR; };
		A72735DFAB8DD9CC58585B78 /* Pods_MyReminderTests.framework */ = {isa = PBXFileReference; explicitFileType = wrapper.framework; includeInIndex = 0; path = Pods_MyReminderTests.framework; sourceTree = BUILT_PRODUCTS_DIR; };
		C08CC8CB7556CBA887A07FAF /* Pods-MyReminderUITests.release.xcconfig */ = {isa = PBXFileReference; includeInIndex = 1; lastKnownFileType = text.xcconfig; name = "Pods-MyReminderUITests.release.xcconfig"; path = "Pods/Target Support Files/Pods-MyReminderUITests/Pods-MyReminderUITests.release.xcconfig"; sourceTree = "<group>"; };
		F313295730AE0BCD82FDCFDD /* Pods-MyReminderTests.release.xcconfig */ = {isa = PBXFileReference; includeInIndex = 1; lastKnownFileType = text.xcconfig; name = "Pods-MyReminderTests.release.xcconfig"; path = "Pods/Target Support Files/Pods-MyReminderTests/Pods-MyReminderTests.release.xcconfig"; sourceTree = "<group>"; };
		FEA38C3053A3FA98CDA4918D /* Pods-MyReminder.debug.xcconfig */ = {isa = PBXFileReference; includeInIndex = 1; lastKnownFileType = text.xcconfig; name = "Pods-MyReminder.debug.xcconfig"; path = "Pods/Target Support Files/Pods-MyReminder/Pods-MyReminder.debug.xcconfig"; sourceTree = "<group>"; };
/* End PBXFileReference section */

/* Begin PBXFrameworksBuildPhase section */
		848038CE1DC8874300935D3E /* Frameworks */ = {
			isa = PBXFrameworksBuildPhase;
			buildActionMask = 2147483647;
			files = (
				755C5273FB7065C3A0247A98 /* Pods_MyReminder.framework in Frameworks */,
			);
			runOnlyForDeploymentPostprocessing = 0;
		};
		848038E51DC8874400935D3E /* Frameworks */ = {
			isa = PBXFrameworksBuildPhase;
			buildActionMask = 2147483647;
			files = (
				DA7EF86ECE90F514CF5F6F02 /* Pods_MyReminderTests.framework in Frameworks */,
			);
			runOnlyForDeploymentPostprocessing = 0;
		};
		848038F01DC8874400935D3E /* Frameworks */ = {
			isa = PBXFrameworksBuildPhase;
			buildActionMask = 2147483647;
			files = (
				442F913645035D857B5BEBF3 /* Pods_MyReminderUITests.framework in Frameworks */,
			);
			runOnlyForDeploymentPostprocessing = 0;
		};
/* End PBXFrameworksBuildPhase section */

/* Begin PBXGroup section */
		1EC77F84D3C6937D8A954AB9 /* Frameworks */ = {
			isa = PBXGroup;
			children = (
				8769F29A5B85760CEF6E2692 /* Pods_MyReminder.framework */,
				A72735DFAB8DD9CC58585B78 /* Pods_MyReminderTests.framework */,
				0CDBCAEA470D00BF0DF53220 /* Pods_MyReminderUITests.framework */,
			);
			name = Frameworks;
			sourceTree = "<group>";
		};
		28F35115A3F4502619629170 /* Pods */ = {
			isa = PBXGroup;
			children = (
				FEA38C3053A3FA98CDA4918D /* Pods-MyReminder.debug.xcconfig */,
				6D8E4DF6A7BC9515090FF926 /* Pods-MyReminder.release.xcconfig */,
				7F09E08B535D5236AB717A6E /* Pods-MyReminderTests.debug.xcconfig */,
				F313295730AE0BCD82FDCFDD /* Pods-MyReminderTests.release.xcconfig */,
				32AE9CDDF5616CC7887E4EDC /* Pods-MyReminderUITests.debug.xcconfig */,
				C08CC8CB7556CBA887A07FAF /* Pods-MyReminderUITests.release.xcconfig */,
			);
			name = Pods;
			sourceTree = "<group>";
		};
		848038C81DC8874300935D3E = {
			isa = PBXGroup;
			children = (
				848038D31DC8874400935D3E /* MyReminder */,
				848038EB1DC8874400935D3E /* MyReminderTests */,
				848038F61DC8874400935D3E /* MyReminderUITests */,
				848038D21DC8874300935D3E /* Products */,
				28F35115A3F4502619629170 /* Pods */,
				1EC77F84D3C6937D8A954AB9 /* Frameworks */,
			);
			sourceTree = "<group>";
		};
		848038D21DC8874300935D3E /* Products */ = {
			isa = PBXGroup;
			children = (
				848038D11DC8874300935D3E /* MyReminder.app */,
				848038E81DC8874400935D3E /* MyReminderTests.xctest */,
				848038F31DC8874400935D3E /* MyReminderUITests.xctest */,
			);
			name = Products;
			sourceTree = "<group>";
		};
		848038D31DC8874400935D3E /* MyReminder */ = {
			isa = PBXGroup;
			children = (
				848039071DC88EA000935D3E /* Classes */,
				848039201DC88EA000935D3E /* Resources */,
				848038DE1DC8874400935D3E /* Assets.xcassets */,
				848038E01DC8874400935D3E /* LaunchScreen.storyboard */,
				848038E31DC8874400935D3E /* Info.plist */,
				848039051DC88A3E00935D3E /* GoogleService-Info.plist */,
			);
			path = MyReminder;
			sourceTree = "<group>";
		};
		848038EB1DC8874400935D3E /* MyReminderTests */ = {
			isa = PBXGroup;
			children = (
				848038EC1DC8874400935D3E /* MyReminderTests.swift */,
				848038EE1DC8874400935D3E /* Info.plist */,
			);
			path = MyReminderTests;
			sourceTree = "<group>";
		};
		848038F61DC8874400935D3E /* MyReminderUITests */ = {
			isa = PBXGroup;
			children = (
				848038F71DC8874400935D3E /* MyReminderUITests.swift */,
				848038F91DC8874400935D3E /* Info.plist */,
			);
			path = MyReminderUITests;
			sourceTree = "<group>";
		};
		848039071DC88EA000935D3E /* Classes */ = {
			isa = PBXGroup;
			children = (
				848039081DC88EA000935D3E /* AppDelegate */,
				8480390A1DC88EA000935D3E /* Helpers */,
				848039111DC88EA000935D3E /* Models */,
				848039161DC88EA000935D3E /* ViewControllers */,
			);
			path = Classes;
			sourceTree = "<group>";
		};
		848039081DC88EA000935D3E /* AppDelegate */ = {
			isa = PBXGroup;
			children = (
				848039091DC88EA000935D3E /* AppDelegate.swift */,
			);
			path = AppDelegate;
			sourceTree = "<group>";
		};
		8480390A1DC88EA000935D3E /* Helpers */ = {
			isa = PBXGroup;
			children = (
				8480390B1DC88EA000935D3E /* Common */,
				848039101DC88EA000935D3E /* Libraries */,
			);
			path = Helpers;
			sourceTree = "<group>";
		};
		8480390B1DC88EA000935D3E /* Common */ = {
			isa = PBXGroup;
			children = (
				8480390C1DC88EA000935D3E /* Common.swift */,
				8480390D1DC88EA000935D3E /* Define.swift */,
				8480390E1DC88EA000935D3E /* Helpers.swift */,
				8480390F1DC88EA000935D3E /* Message.swift */,
			);
			path = Common;
			sourceTree = "<group>";
		};
		848039101DC88EA000935D3E /* Libraries */ = {
			isa = PBXGroup;
			children = (
			);
			path = Libraries;
			sourceTree = "<group>";
		};
		848039111DC88EA000935D3E /* Models */ = {
			isa = PBXGroup;
			children = (
				848039121DC88EA000935D3E /* CoreData */,
				848039151DC88EA000935D3E /* Objects */,
			);
			path = Models;
			sourceTree = "<group>";
		};
		848039121DC88EA000935D3E /* CoreData */ = {
			isa = PBXGroup;
			children = (
				848039131DC88EA000935D3E /* MyReminder.xcdatamodeld */,
			);
			path = CoreData;
			sourceTree = "<group>";
		};
		848039151DC88EA000935D3E /* Objects */ = {
			isa = PBXGroup;
			children = (
			);
			path = Objects;
			sourceTree = "<group>";
		};
		848039161DC88EA000935D3E /* ViewControllers */ = {
			isa = PBXGroup;
			children = (
				848039171DC88EA000935D3E /* CustomControllers */,
				848039181DC88EA000935D3E /* MainControllers */,
				848039191DC88EA000935D3E /* ParentControllers */,
			);
			path = ViewControllers;
			sourceTree = "<group>";
		};
		848039171DC88EA000935D3E /* CustomControllers */ = {
			isa = PBXGroup;
			children = (
			);
			path = CustomControllers;
			sourceTree = "<group>";
		};
		848039181DC88EA000935D3E /* MainControllers */ = {
			isa = PBXGroup;
			children = (
			);
			path = MainControllers;
			sourceTree = "<group>";
		};
		848039191DC88EA000935D3E /* ParentControllers */ = {
			isa = PBXGroup;
			children = (
				8480391A1DC88EA000935D3E /* GGNavigationController */,
				8480391C1DC88EA000935D3E /* GGParentVC */,
				8480391E1DC88EA000935D3E /* GGTabbarParentVC */,
			);
			path = ParentControllers;
			sourceTree = "<group>";
		};
		8480391A1DC88EA000935D3E /* GGNavigationController */ = {
			isa = PBXGroup;
			children = (
				8480391B1DC88EA000935D3E /* GGNavigationController.swift */,
			);
			path = GGNavigationController;
			sourceTree = "<group>";
		};
		8480391C1DC88EA000935D3E /* GGParentVC */ = {
			isa = PBXGroup;
			children = (
				8480391D1DC88EA000935D3E /* GGParentVC.swift */,
			);
			path = GGParentVC;
			sourceTree = "<group>";
		};
		8480391E1DC88EA000935D3E /* GGTabbarParentVC */ = {
			isa = PBXGroup;
			children = (
				8480391F1DC88EA000935D3E /* GGTabbarParentVC.swift */,
			);
			path = GGTabbarParentVC;
			sourceTree = "<group>";
		};
		848039201DC88EA000935D3E /* Resources */ = {
			isa = PBXGroup;
			children = (
				848039211DC88EA000935D3E /* Fonts */,
				848039221DC88EA000935D3E /* Images */,
			);
			path = Resources;
			sourceTree = "<group>";
		};
		848039211DC88EA000935D3E /* Fonts */ = {
			isa = PBXGroup;
			children = (
			);
			path = Fonts;
			sourceTree = "<group>";
		};
		848039221DC88EA000935D3E /* Images */ = {
			isa = PBXGroup;
			children = (
			);
			path = Images;
			sourceTree = "<group>";
		};
/* End PBXGroup section */

/* Begin PBXNativeTarget section */
		848038D01DC8874300935D3E /* MyReminder */ = {
			isa = PBXNativeTarget;
			buildConfigurationList = 848038FC1DC8874400935D3E /* Build configuration list for PBXNativeTarget "MyReminder" */;
			buildPhases = (
				E4E1B0C493349AEC7597AC0B /* [CP] Check Pods Manifest.lock */,
				848038CD1DC8874300935D3E /* Sources */,
				848038CE1DC8874300935D3E /* Frameworks */,
				848038CF1DC8874300935D3E /* Resources */,
				85E040CA0B7A4709791BDDBA /* [CP] Embed Pods Frameworks */,
				4BBE05684C7D8640FF95E8A5 /* [CP] Copy Pods Resources */,
			);
			buildRules = (
			);
			dependencies = (
			);
			name = MyReminder;
			productName = MyReminder;
			productReference = 848038D11DC8874300935D3E /* MyReminder.app */;
			productType = "com.apple.product-type.application";
		};
		848038E71DC8874400935D3E /* MyReminderTests */ = {
			isa = PBXNativeTarget;
			buildConfigurationList = 848038FF1DC8874400935D3E /* Build configuration list for PBXNativeTarget "MyReminderTests" */;
			buildPhases = (
				502EB48589A976C13EEC07AD /* [CP] Check Pods Manifest.lock */,
				848038E41DC8874400935D3E /* Sources */,
				848038E51DC8874400935D3E /* Frameworks */,
				848038E61DC8874400935D3E /* Resources */,
				21D2ECF5A898D4006A6AF83E /* [CP] Embed Pods Frameworks */,
				C3FBED3F765EC0352124200D /* [CP] Copy Pods Resources */,
			);
			buildRules = (
			);
			dependencies = (
				848038EA1DC8874400935D3E /* PBXTargetDependency */,
			);
			name = MyReminderTests;
			productName = MyReminderTests;
			productReference = 848038E81DC8874400935D3E /* MyReminderTests.xctest */;
			productType = "com.apple.product-type.bundle.unit-test";
		};
		848038F21DC8874400935D3E /* MyReminderUITests */ = {
			isa = PBXNativeTarget;
			buildConfigurationList = 848039021DC8874400935D3E /* Build configuration list for PBXNativeTarget "MyReminderUITests" */;
			buildPhases = (
				84FF80576DCDB8815D73A9C1 /* [CP] Check Pods Manifest.lock */,
				848038EF1DC8874400935D3E /* Sources */,
				848038F01DC8874400935D3E /* Frameworks */,
				848038F11DC8874400935D3E /* Resources */,
				8DEA6EE98D375AFC26067986 /* [CP] Copy Pods Resources */,
			);
			buildRules = (
			);
			dependencies = (
				848038F51DC8874400935D3E /* PBXTargetDependency */,
			);
			name = MyReminderUITests;
			productName = MyReminderUITests;
			productReference = 848038F31DC8874400935D3E /* MyReminderUITests.xctest */;
			productType = "com.apple.product-type.bundle.ui-testing";
		};
/* End PBXNativeTarget section */

/* Begin PBXProject section */
		848038C91DC8874300935D3E /* Project object */ = {
			isa = PBXProject;
			attributes = {
				LastSwiftUpdateCheck = 0730;
				LastUpgradeCheck = 0730;
				ORGANIZATIONNAME = ThaoPN;
				TargetAttributes = {
					848038D01DC8874300935D3E = {
						CreatedOnToolsVersion = 7.3.1;
					};
					848038E71DC8874400935D3E = {
						CreatedOnToolsVersion = 7.3.1;
						TestTargetID = 848038D01DC8874300935D3E;
					};
					848038F21DC8874400935D3E = {
						CreatedOnToolsVersion = 7.3.1;
						TestTargetID = 848038D01DC8874300935D3E;
					};
				};
			};
			buildConfigurationList = 848038CC1DC8874300935D3E /* Build configuration list for PBXProject "MyReminder" */;
			compatibilityVersion = "Xcode 3.2";
			developmentRegion = English;
			hasScannedForEncodings = 0;
			knownRegions = (
				en,
				Base,
			);
			mainGroup = 848038C81DC8874300935D3E;
			productRefGroup = 848038D21DC8874300935D3E /* Products */;
			projectDirPath = "";
			projectRoot = "";
			targets = (
				848038D01DC8874300935D3E /* MyReminder */,
				848038E71DC8874400935D3E /* MyReminderTests */,
				848038F21DC8874400935D3E /* MyReminderUITests */,
			);
		};
/* End PBXProject section */

/* Begin PBXResourcesBuildPhase section */
		848038CF1DC8874300935D3E /* Resources */ = {
			isa = PBXResourcesBuildPhase;
			buildActionMask = 2147483647;
			files = (
				848038E21DC8874400935D3E /* LaunchScreen.storyboard in Resources */,
				848039061DC88A3E00935D3E /* GoogleService-Info.plist in Resources */,
				848038DF1DC8874400935D3E /* Assets.xcassets in Resources */,
			);
			runOnlyForDeploymentPostprocessing = 0;
		};
		848038E61DC8874400935D3E /* Resources */ = {
			isa = PBXResourcesBuildPhase;
			buildActionMask = 2147483647;
			files = (
			);
			runOnlyForDeploymentPostprocessing = 0;
		};
		848038F11DC8874400935D3E /* Resources */ = {
			isa = PBXResourcesBuildPhase;
			buildActionMask = 2147483647;
			files = (
			);
			runOnlyForDeploymentPostprocessing = 0;
		};
/* End PBXResourcesBuildPhase section */

/* Begin PBXShellScriptBuildPhase section */
		21D2ECF5A898D4006A6AF83E /* [CP] Embed Pods Frameworks */ = {
			isa = PBXShellScriptBuildPhase;
			buildActionMask = 2147483647;
			files = (
			);
			inputPaths = (
			);
			name = "[CP] Embed Pods Frameworks";
			outputPaths = (
			);
			runOnlyForDeploymentPostprocessing = 0;
			shellPath = /bin/sh;
			shellScript = "\"${SRCROOT}/Pods/Target Support Files/Pods-MyReminderTests/Pods-MyReminderTests-frameworks.sh\"\n";
			showEnvVarsInLog = 0;
		};
		4BBE05684C7D8640FF95E8A5 /* [CP] Copy Pods Resources */ = {
			isa = PBXShellScriptBuildPhase;
			buildActionMask = 2147483647;
			files = (
			);
			inputPaths = (
			);
			name = "[CP] Copy Pods Resources";
			outputPaths = (
			);
			runOnlyForDeploymentPostprocessing = 0;
			shellPath = /bin/sh;
			shellScript = "\"${SRCROOT}/Pods/Target Support Files/Pods-MyReminder/Pods-MyReminder-resources.sh\"\n";
			showEnvVarsInLog = 0;
		};
		502EB48589A976C13EEC07AD /* [CP] Check Pods Manifest.lock */ = {
			isa = PBXShellScriptBuildPhase;
			buildActionMask = 2147483647;
			files = (
			);
			inputPaths = (
			);
			name = "[CP] Check Pods Manifest.lock";
			outputPaths = (
			);
			runOnlyForDeploymentPostprocessing = 0;
			shellPath = /bin/sh;
			shellScript = "diff \"${PODS_ROOT}/../Podfile.lock\" \"${PODS_ROOT}/Manifest.lock\" > /dev/null\nif [[ $? != 0 ]] ; then\n    cat << EOM\nerror: The sandbox is not in sync with the Podfile.lock. Run 'pod install' or update your CocoaPods installation.\nEOM\n    exit 1\nfi\n";
			showEnvVarsInLog = 0;
		};
		84FF80576DCDB8815D73A9C1 /* [CP] Check Pods Manifest.lock */ = {
			isa = PBXShellScriptBuildPhase;
			buildActionMask = 2147483647;
			files = (
			);
			inputPaths = (
			);
			name = "[CP] Check Pods Manifest.lock";
			outputPaths = (
			);
			runOnlyForDeploymentPostprocessing = 0;
			shellPath = /bin/sh;
			shellScript = "diff \"${PODS_ROOT}/../Podfile.lock\" \"${PODS_ROOT}/Manifest.lock\" > /dev/null\nif [[ $? != 0 ]] ; then\n    cat << EOM\nerror: The sandbox is not in sync with the Podfile.lock. Run 'pod install' or update your CocoaPods installation.\nEOM\n    exit 1\nfi\n";
			showEnvVarsInLog = 0;
		};
		85E040CA0B7A4709791BDDBA /* [CP] Embed Pods Frameworks */ = {
			isa = PBXShellScriptBuildPhase;
			buildActionMask = 2147483647;
			files = (
			);
			inputPaths = (
			);
			name = "[CP] Embed Pods Frameworks";
			outputPaths = (
			);
			runOnlyForDeploymentPostprocessing = 0;
			shellPath = /bin/sh;
			shellScript = "\"${SRCROOT}/Pods/Target Support Files/Pods-MyReminder/Pods-MyReminder-frameworks.sh\"\n";
			showEnvVarsInLog = 0;
		};
		8DEA6EE98D375AFC26067986 /* [CP] Copy Pods Resources */ = {
			isa = PBXShellScriptBuildPhase;
			buildActionMask = 2147483647;
			files = (
			);
			inputPaths = (
			);
			name = "[CP] Copy Pods Resources";
			outputPaths = (
			);
			runOnlyForDeploymentPostprocessing = 0;
			shellPath = /bin/sh;
			shellScript = "\"${SRCROOT}/Pods/Target Support Files/Pods-MyReminderUITests/Pods-MyReminderUITests-resources.sh\"\n";
			showEnvVarsInLog = 0;
		};
		C3FBED3F765EC0352124200D /* [CP] Copy Pods Resources */ = {
			isa = PBXShellScriptBuildPhase;
			buildActionMask = 2147483647;
			files = (
			);
			inputPaths = (
			);
			name = "[CP] Copy Pods Resources";
			outputPaths = (
			);
			runOnlyForDeploymentPostprocessing = 0;
			shellPath = /bin/sh;
			shellScript = "\"${SRCROOT}/Pods/Target Support Files/Pods-MyReminderTests/Pods-MyReminderTests-resources.sh\"\n";
			showEnvVarsInLog = 0;
		};
		E4E1B0C493349AEC7597AC0B /* [CP] Check Pods Manifest.lock */ = {
			isa = PBXShellScriptBuildPhase;
			buildActionMask = 2147483647;
			files = (
			);
			inputPaths = (
			);
			name = "[CP] Check Pods Manifest.lock";
			outputPaths = (
			);
			runOnlyForDeploymentPostprocessing = 0;
			shellPath = /bin/sh;
			shellScript = "diff \"${PODS_ROOT}/../Podfile.lock\" \"${PODS_ROOT}/Manifest.lock\" > /dev/null\nif [[ $? != 0 ]] ; then\n    cat << EOM\nerror: The sandbox is not in sync with the Podfile.lock. Run 'pod install' or update your CocoaPods installation.\nEOM\n    exit 1\nfi\n";
			showEnvVarsInLog = 0;
		};
/* End PBXShellScriptBuildPhase section */

/* Begin PBXSourcesBuildPhase section */
		848038CD1DC8874300935D3E /* Sources */ = {
			isa = PBXSourcesBuildPhase;
			buildActionMask = 2147483647;
			files = (
				848039291DC88EA000935D3E /* GGNavigationController.swift in Sources */,
				848039241DC88EA000935D3E /* Common.swift in Sources */,
				848039281DC88EA000935D3E /* MyReminder.xcdatamodeld in Sources */,
				848039251DC88EA000935D3E /* Define.swift in Sources */,
				8480392A1DC88EA000935D3E /* GGParentVC.swift in Sources */,
				8480392B1DC88EA000935D3E /* GGTabbarParentVC.swift in Sources */,
				848039271DC88EA000935D3E /* Message.swift in Sources */,
				848039231DC88EA000935D3E /* AppDelegate.swift in Sources */,
				848039261DC88EA000935D3E /* Helpers.swift in Sources */,
			);
			runOnlyForDeploymentPostprocessing = 0;
		};
		848038E41DC8874400935D3E /* Sources */ = {
			isa = PBXSourcesBuildPhase;
			buildActionMask = 2147483647;
			files = (
				848038ED1DC8874400935D3E /* MyReminderTests.swift in Sources */,
			);
			runOnlyForDeploymentPostprocessing = 0;
		};
		848038EF1DC8874400935D3E /* Sources */ = {
			isa = PBXSourcesBuildPhase;
			buildActionMask = 2147483647;
			files = (
				848038F81DC8874400935D3E /* MyReminderUITests.swift in Sources */,
			);
			runOnlyForDeploymentPostprocessing = 0;
		};
/* End PBXSourcesBuildPhase section */

/* Begin PBXTargetDependency section */
		848038EA1DC8874400935D3E /* PBXTargetDependency */ = {
			isa = PBXTargetDependency;
			target = 848038D01DC8874300935D3E /* MyReminder */;
			targetProxy = 848038E91DC8874400935D3E /* PBXContainerItemProxy */;
		};
		848038F51DC8874400935D3E /* PBXTargetDependency */ = {
			isa = PBXTargetDependency;
			target = 848038D01DC8874300935D3E /* MyReminder */;
			targetProxy = 848038F41DC8874400935D3E /* PBXContainerItemProxy */;
		};
/* End PBXTargetDependency section */

/* Begin PBXVariantGroup section */
		848038E01DC8874400935D3E /* LaunchScreen.storyboard */ = {
			isa = PBXVariantGroup;
			children = (
				848038E11DC8874400935D3E /* Base */,
			);
			name = LaunchScreen.storyboard;
			sourceTree = "<group>";
		};
/* End PBXVariantGroup section */

/* Begin XCBuildConfiguration section */
		848038FA1DC8874400935D3E /* Debug */ = {
			isa = XCBuildConfiguration;
			buildSettings = {
				ALWAYS_SEARCH_USER_PATHS = NO;
				CLANG_ANALYZER_NONNULL = YES;
				CLANG_CXX_LANGUAGE_STANDARD = "gnu++0x";
				CLANG_CXX_LIBRARY = "libc++";
				CLANG_ENABLE_MODULES = YES;
				CLANG_ENABLE_OBJC_ARC = YES;
				CLANG_WARN_BOOL_CONVERSION = YES;
				CLANG_WARN_CONSTANT_CONVERSION = YES;
				CLANG_WARN_DIRECT_OBJC_ISA_USAGE = YES_ERROR;
				CLANG_WARN_EMPTY_BODY = YES;
				CLANG_WARN_ENUM_CONVERSION = YES;
				CLANG_WARN_INT_CONVERSION = YES;
				CLANG_WARN_OBJC_ROOT_CLASS = YES_ERROR;
				CLANG_WARN_UNREACHABLE_CODE = YES;
				CLANG_WARN__DUPLICATE_METHOD_MATCH = YES;
				"CODE_SIGN_IDENTITY[sdk=iphoneos*]" = "iPhone Developer";
				COPY_PHASE_STRIP = NO;
				DEBUG_INFORMATION_FORMAT = dwarf;
				ENABLE_STRICT_OBJC_MSGSEND = YES;
				ENABLE_TESTABILITY = YES;
				GCC_C_LANGUAGE_STANDARD = gnu99;
				GCC_DYNAMIC_NO_PIC = NO;
				GCC_NO_COMMON_BLOCKS = YES;
				GCC_OPTIMIZATION_LEVEL = 0;
				GCC_PREPROCESSOR_DEFINITIONS = (
					"DEBUG=1",
					"$(inherited)",
				);
				GCC_WARN_64_TO_32_BIT_CONVERSION = YES;
				GCC_WARN_ABOUT_RETURN_TYPE = YES_ERROR;
				GCC_WARN_UNDECLARED_SELECTOR = YES;
				GCC_WARN_UNINITIALIZED_AUTOS = YES_AGGRESSIVE;
				GCC_WARN_UNUSED_FUNCTION = YES;
				GCC_WARN_UNUSED_VARIABLE = YES;
				IPHONEOS_DEPLOYMENT_TARGET = 9.3;
				MTL_ENABLE_DEBUG_INFO = YES;
				ONLY_ACTIVE_ARCH = YES;
				SDKROOT = iphoneos;
				SWIFT_OPTIMIZATION_LEVEL = "-Onone";
			};
			name = Debug;
		};
		848038FB1DC8874400935D3E /* Release */ = {
			isa = XCBuildConfiguration;
			buildSettings = {
				ALWAYS_SEARCH_USER_PATHS = NO;
				CLANG_ANALYZER_NONNULL = YES;
				CLANG_CXX_LANGUAGE_STANDARD = "gnu++0x";
				CLANG_CXX_LIBRARY = "libc++";
				CLANG_ENABLE_MODULES = YES;
				CLANG_ENABLE_OBJC_ARC = YES;
				CLANG_WARN_BOOL_CONVERSION = YES;
				CLANG_WARN_CONSTANT_CONVERSION = YES;
				CLANG_WARN_DIRECT_OBJC_ISA_USAGE = YES_ERROR;
				CLANG_WARN_EMPTY_BODY = YES;
				CLANG_WARN_ENUM_CONVERSION = YES;
				CLANG_WARN_INT_CONVERSION = YES;
				CLANG_WARN_OBJC_ROOT_CLASS = YES_ERROR;
				CLANG_WARN_UNREACHABLE_CODE = YES;
				CLANG_WARN__DUPLICATE_METHOD_MATCH = YES;
				"CODE_SIGN_IDENTITY[sdk=iphoneos*]" = "iPhone Developer";
				COPY_PHASE_STRIP = NO;
				DEBUG_INFORMATION_FORMAT = "dwarf-with-dsym";
				ENABLE_NS_ASSERTIONS = NO;
				ENABLE_STRICT_OBJC_MSGSEND = YES;
				GCC_C_LANGUAGE_STANDARD = gnu99;
				GCC_NO_COMMON_BLOCKS = YES;
				GCC_WARN_64_TO_32_BIT_CONVERSION = YES;
				GCC_WARN_ABOUT_RETURN_TYPE = YES_ERROR;
				GCC_WARN_UNDECLARED_SELECTOR = YES;
				GCC_WARN_UNINITIALIZED_AUTOS = YES_AGGRESSIVE;
				GCC_WARN_UNUSED_FUNCTION = YES;
				GCC_WARN_UNUSED_VARIABLE = YES;
				IPHONEOS_DEPLOYMENT_TARGET = 9.3;
				MTL_ENABLE_DEBUG_INFO = NO;
				SDKROOT = iphoneos;
				VALIDATE_PRODUCT = YES;
			};
			name = Release;
		};
		848038FD1DC8874400935D3E /* Debug */ = {
			isa = XCBuildConfiguration;
			baseConfigurationReference = FEA38C3053A3FA98CDA4918D /* Pods-MyReminder.debug.xcconfig */;
			buildSettings = {
				ASSETCATALOG_COMPILER_APPICON_NAME = AppIcon;
				INFOPLIST_FILE = MyReminder/Info.plist;
				LD_RUNPATH_SEARCH_PATHS = "$(inherited) @executable_path/Frameworks";
				PRODUCT_BUNDLE_IDENTIFIER = com.memo.myreminder;
				PRODUCT_NAME = "$(TARGET_NAME)";
			};
			name = Debug;
		};
		848038FE1DC8874400935D3E /* Release */ = {
			isa = XCBuildConfiguration;
			baseConfigurationReference = 6D8E4DF6A7BC9515090FF926 /* Pods-MyReminder.release.xcconfig */;
			buildSettings = {
				ASSETCATALOG_COMPILER_APPICON_NAME = AppIcon;
				INFOPLIST_FILE = MyReminder/Info.plist;
				LD_RUNPATH_SEARCH_PATHS = "$(inherited) @executable_path/Frameworks";
				PRODUCT_BUNDLE_IDENTIFIER = com.memo.myreminder;
				PRODUCT_NAME = "$(TARGET_NAME)";
			};
			name = Release;
		};
		848039001DC8874400935D3E /* Debug */ = {
			isa = XCBuildConfiguration;
			baseConfigurationReference = 7F09E08B535D5236AB717A6E /* Pods-MyReminderTests.debug.xcconfig */;
			buildSettings = {
				BUNDLE_LOADER = "$(TEST_HOST)";
				INFOPLIST_FILE = MyReminderTests/Info.plist;
				LD_RUNPATH_SEARCH_PATHS = "$(inherited) @executable_path/Frameworks @loader_path/Frameworks";
				PRODUCT_BUNDLE_IDENTIFIER = Greenglobal.MyReminderTests;
				PRODUCT_NAME = "$(TARGET_NAME)";
				TEST_HOST = "$(BUILT_PRODUCTS_DIR)/MyReminder.app/MyReminder";
			};
			name = Debug;
		};
		848039011DC8874400935D3E /* Release */ = {
			isa = XCBuildConfiguration;
			baseConfigurationReference = F313295730AE0BCD82FDCFDD /* Pods-MyReminderTests.release.xcconfig */;
			buildSettings = {
				BUNDLE_LOADER = "$(TEST_HOST)";
				INFOPLIST_FILE = MyReminderTests/Info.plist;
				LD_RUNPATH_SEARCH_PATHS = "$(inherited) @executable_path/Frameworks @loader_path/Frameworks";
				PRODUCT_BUNDLE_IDENTIFIER = Greenglobal.MyReminderTests;
				PRODUCT_NAME = "$(TARGET_NAME)";
				TEST_HOST = "$(BUILT_PRODUCTS_DIR)/MyReminder.app/MyReminder";
			};
			name = Release;
		};
		848039031DC8874400935D3E /* Debug */ = {
			isa = XCBuildConfiguration;
			baseConfigurationReference = 32AE9CDDF5616CC7887E4EDC /* Pods-MyReminderUITests.debug.xcconfig */;
			buildSettings = {
				INFOPLIST_FILE = MyReminderUITests/Info.plist;
				LD_RUNPATH_SEARCH_PATHS = "$(inherited) @executable_path/Frameworks @loader_path/Frameworks";
				PRODUCT_BUNDLE_IDENTIFIER = Greenglobal.MyReminderUITests;
				PRODUCT_NAME = "$(TARGET_NAME)";
				TEST_TARGET_NAME = MyReminder;
			};
			name = Debug;
		};
		848039041DC8874400935D3E /* Release */ = {
			isa = XCBuildConfiguration;
			baseConfigurationReference = C08CC8CB7556CBA887A07FAF /* Pods-MyReminderUITests.release.xcconfig */;
			buildSettings = {
				INFOPLIST_FILE = MyReminderUITests/Info.plist;
				LD_RUNPATH_SEARCH_PATHS = "$(inherited) @executable_path/Frameworks @loader_path/Frameworks";
				PRODUCT_BUNDLE_IDENTIFIER = Greenglobal.MyReminderUITests;
				PRODUCT_NAME = "$(TARGET_NAME)";
				TEST_TARGET_NAME = MyReminder;
			};
			name = Release;
		};
/* End XCBuildConfiguration section */

/* Begin XCConfigurationList section */
		848038CC1DC8874300935D3E /* Build configuration list for PBXProject "MyReminder" */ = {
			isa = XCConfigurationList;
			buildConfigurations = (
				848038FA1DC8874400935D3E /* Debug */,
				848038FB1DC8874400935D3E /* Release */,
			);
			defaultConfigurationIsVisible = 0;
			defaultConfigurationName = Release;
		};
		848038FC1DC8874400935D3E /* Build configuration list for PBXNativeTarget "MyReminder" */ = {
			isa = XCConfigurationList;
			buildConfigurations = (
				848038FD1DC8874400935D3E /* Debug */,
				848038FE1DC8874400935D3E /* Release */,
			);
			defaultConfigurationIsVisible = 0;
			defaultConfigurationName = Release;
		};
		848038FF1DC8874400935D3E /* Build configuration list for PBXNativeTarget "MyReminderTests" */ = {
			isa = XCConfigurationList;
			buildConfigurations = (
				848039001DC8874400935D3E /* Debug */,
				848039011DC8874400935D3E /* Release */,
			);
			defaultConfigurationIsVisible = 0;
			defaultConfigurationName = Release;
		};
		848039021DC8874400935D3E /* Build configuration list for PBXNativeTarget "MyReminderUITests" */ = {
			isa = XCConfigurationList;
			buildConfigurations = (
				848039031DC8874400935D3E /* Debug */,
				848039041DC8874400935D3E /* Release */,
			);
			defaultConfigurationIsVisible = 0;
			defaultConfigurationName = Release;
		};
/* End XCConfigurationList section */

/* Begin XCVersionGroup section */
		848039131DC88EA000935D3E /* MyReminder.xcdatamodeld */ = {
			isa = XCVersionGroup;
			children = (
				848039141DC88EA000935D3E /* MyReminder.xcdatamodel */,
			);
			currentVersion = 848039141DC88EA000935D3E /* MyReminder.xcdatamodel */;
			path = MyReminder.xcdatamodeld;
			sourceTree = "<group>";
			versionGroupType = wrapper.xcdatamodel;
		};
/* End XCVersionGroup section */
	};
	rootObject = 848038C91DC8874300935D3E /* Project object */;
}
